
Microsoft Visual Studio Solution File, Format Version 12.00
# Visual Studio Version 17
VisualStudioVersion = 17.14.36623.8 d17.14
MinimumVisualStudioVersion = 10.0.40219.1
Project("{FAE04EC0-301F-11D3-BF4B-00C04F79EFBC}") = "Assignment2", "Assignment2.csproj", "{A2DAE0C5-48DA-426C-B279-C31CC23F5848}"
EndProject
Global
	GlobalSection(SolutionConfigurationPlatforms) = preSolution
		Debug|Any CPU = Debug|Any CPU
		Release|Any CPU = Release|Any CPU
	EndGlobalSection
	GlobalSection(ProjectConfigurationPlatforms) = postSolution
		{A2DAE0C5-48DA-426C-B279-C31CC23F5848}.Debug|Any CPU.ActiveCfg = Debug|Any CPU
		{A2DAE0C5-48DA-426C-B279-C31CC23F5848}.Debug|Any CPU.Build.0 = Debug|Any CPU
		{A2DAE0C5-48DA-426C-B279-C31CC23F5848}.Release|Any CPU.ActiveCfg = Release|Any CPU
		{A2DAE0C5-48DA-426C-B279-C31CC23F5848}.Release|Any CPU.Build.0 = Release|Any CPU
	EndGlobalSection
	GlobalSection(SolutionProperties) = preSolution
		HideSolutionNode = FALSE
	EndGlobalSection
	GlobalSection(ExtensibilityGlobals) = postSolution
		SolutionGuid = {170139F4-05FF-4507-B95D-B7F1A477BB18}
	EndGlobalSection
EndGlobal
