
Microsoft Visual Studio Solution File, Format Version 12.00
# Visual Studio Version 17
VisualStudioVersion = 17.14.36623.8 d17.14
MinimumVisualStudioVersion = 10.0.40219.1
Project("{FAE04EC0-301F-11D3-BF4B-00C04F79EFBC}") = "Collection_Demo", "Collection_Demo.csproj", "{9F093AC3-CBC2-4233-9E3A-CDDCEC6335A7}"
EndProject
Global
	GlobalSection(SolutionConfigurationPlatforms) = preSolution
		Debug|Any CPU = Debug|Any CPU
		Release|Any CPU = Release|Any CPU
	EndGlobalSection
	GlobalSection(ProjectConfigurationPlatforms) = postSolution
		{9F093AC3-CBC2-4233-9E3A-CDDCEC6335A7}.Debug|Any CPU.ActiveCfg = Debug|Any CPU
		{9F093AC3-CBC2-4233-9E3A-CDDCEC6335A7}.Debug|Any CPU.Build.0 = Debug|Any CPU
		{9F093AC3-CBC2-4233-9E3A-CDDCEC6335A7}.Release|Any CPU.ActiveCfg = Release|Any CPU
		{9F093AC3-CBC2-4233-9E3A-CDDCEC6335A7}.Release|Any CPU.Build.0 = Release|Any CPU
	EndGlobalSection
	GlobalSection(SolutionProperties) = preSolution
		HideSolutionNode = FALSE
	EndGlobalSection
	GlobalSection(ExtensibilityGlobals) = postSolution
		SolutionGuid = {5924E4D9-8042-46B7-8D00-5CC41C4B1949}
	EndGlobalSection
EndGlobal
