
Microsoft Visual Studio Solution File, Format Version 12.00
# Visual Studio Version 17
VisualStudioVersion = 17.14.36623.8 d17.14
MinimumVisualStudioVersion = 10.0.40219.1
Project("{FAE04EC0-301F-11D3-BF4B-00C04F79EFBC}") = "ConstructorDemo", "ConstructorDemo.csproj", "{253921C9-78F6-48B1-96E4-075E0CB059AA}"
EndProject
Global
	GlobalSection(SolutionConfigurationPlatforms) = preSolution
		Debug|Any CPU = Debug|Any CPU
		Release|Any CPU = Release|Any CPU
	EndGlobalSection
	GlobalSection(ProjectConfigurationPlatforms) = postSolution
		{253921C9-78F6-48B1-96E4-075E0CB059AA}.Debug|Any CPU.ActiveCfg = Debug|Any CPU
		{253921C9-78F6-48B1-96E4-075E0CB059AA}.Debug|Any CPU.Build.0 = Debug|Any CPU
		{253921C9-78F6-48B1-96E4-075E0CB059AA}.Release|Any CPU.ActiveCfg = Release|Any CPU
		{253921C9-78F6-48B1-96E4-075E0CB059AA}.Release|Any CPU.Build.0 = Release|Any CPU
	EndGlobalSection
	GlobalSection(SolutionProperties) = preSolution
		HideSolutionNode = FALSE
	EndGlobalSection
	GlobalSection(ExtensibilityGlobals) = postSolution
		SolutionGuid = {02444736-DEC1-43C6-A8F1-394D0087E66A}
	EndGlobalSection
EndGlobal
