
Microsoft Visual Studio Solution File, Format Version 12.00
# Visual Studio Version 17
VisualStudioVersion = 17.14.36623.8 d17.14
MinimumVisualStudioVersion = 10.0.40219.1
Project("{FAE04EC0-301F-11D3-BF4B-00C04F79EFBC}") = "SolidPrinciples", "SolidPrinciples.csproj", "{DA40513D-E7E8-4E89-83AA-80B07EC04457}"
EndProject
Global
	GlobalSection(SolutionConfigurationPlatforms) = preSolution
		Debug|Any CPU = Debug|Any CPU
		Release|Any CPU = Release|Any CPU
	EndGlobalSection
	GlobalSection(ProjectConfigurationPlatforms) = postSolution
		{DA40513D-E7E8-4E89-83AA-80B07EC04457}.Debug|Any CPU.ActiveCfg = Debug|Any CPU
		{DA40513D-E7E8-4E89-83AA-80B07EC04457}.Debug|Any CPU.Build.0 = Debug|Any CPU
		{DA40513D-E7E8-4E89-83AA-80B07EC04457}.Release|Any CPU.ActiveCfg = Release|Any CPU
		{DA40513D-E7E8-4E89-83AA-80B07EC04457}.Release|Any CPU.Build.0 = Release|Any CPU
	EndGlobalSection
	GlobalSection(SolutionProperties) = preSolution
		HideSolutionNode = FALSE
	EndGlobalSection
	GlobalSection(ExtensibilityGlobals) = postSolution
		SolutionGuid = {6A05BE28-1B6D-49CD-9AEA-5A1E3DC5A1C6}
	EndGlobalSection
EndGlobal
