
Microsoft Visual Studio Solution File, Format Version 12.00
# Visual Studio Version 17
VisualStudioVersion = 17.14.36623.8 d17.14
MinimumVisualStudioVersion = 10.0.40219.1
Project("{FAE04EC0-301F-11D3-BF4B-00C04F79EFBC}") = "MultipleInheritance_demo", "MultipleInheritance_demo.csproj", "{7A6AC6AE-E618-4E91-A72A-19AF4003FC3F}"
EndProject
Global
	GlobalSection(SolutionConfigurationPlatforms) = preSolution
		Debug|Any CPU = Debug|Any CPU
		Release|Any CPU = Release|Any CPU
	EndGlobalSection
	GlobalSection(ProjectConfigurationPlatforms) = postSolution
		{7A6AC6AE-E618-4E91-A72A-19AF4003FC3F}.Debug|Any CPU.ActiveCfg = Debug|Any CPU
		{7A6AC6AE-E618-4E91-A72A-19AF4003FC3F}.Debug|Any CPU.Build.0 = Debug|Any CPU
		{7A6AC6AE-E618-4E91-A72A-19AF4003FC3F}.Release|Any CPU.ActiveCfg = Release|Any CPU
		{7A6AC6AE-E618-4E91-A72A-19AF4003FC3F}.Release|Any CPU.Build.0 = Release|Any CPU
	EndGlobalSection
	GlobalSection(SolutionProperties) = preSolution
		HideSolutionNode = FALSE
	EndGlobalSection
	GlobalSection(ExtensibilityGlobals) = postSolution
		SolutionGuid = {17F47FCC-5249-4EAA-8FA7-F86F9CD28E61}
	EndGlobalSection
EndGlobal
