
Microsoft Visual Studio Solution File, Format Version 12.00
# Visual Studio Version 17
VisualStudioVersion = 17.14.36623.8 d17.14
MinimumVisualStudioVersion = 10.0.40219.1
Project("{FAE04EC0-301F-11D3-BF4B-00C04F79EFBC}") = "IndexOverloading_Demo", "IndexOverloading_Demo.csproj", "{992EA221-031F-4023-8A99-C1AFB1DE41F9}"
EndProject
Global
	GlobalSection(SolutionConfigurationPlatforms) = preSolution
		Debug|Any CPU = Debug|Any CPU
		Release|Any CPU = Release|Any CPU
	EndGlobalSection
	GlobalSection(ProjectConfigurationPlatforms) = postSolution
		{992EA221-031F-4023-8A99-C1AFB1DE41F9}.Debug|Any CPU.ActiveCfg = Debug|Any CPU
		{992EA221-031F-4023-8A99-C1AFB1DE41F9}.Debug|Any CPU.Build.0 = Debug|Any CPU
		{992EA221-031F-4023-8A99-C1AFB1DE41F9}.Release|Any CPU.ActiveCfg = Release|Any CPU
		{992EA221-031F-4023-8A99-C1AFB1DE41F9}.Release|Any CPU.Build.0 = Release|Any CPU
	EndGlobalSection
	GlobalSection(SolutionProperties) = preSolution
		HideSolutionNode = FALSE
	EndGlobalSection
	GlobalSection(ExtensibilityGlobals) = postSolution
		SolutionGuid = {AB4FE87A-EEEB-4587-A4F0-2EA64E222FD3}
	EndGlobalSection
EndGlobal
