
Microsoft Visual Studio Solution File, Format Version 12.00
# Visual Studio Version 17
VisualStudioVersion = 17.14.36623.8 d17.14
MinimumVisualStudioVersion = 10.0.40219.1
Project("{FAE04EC0-301F-11D3-BF4B-00C04F79EFBC}") = "DemoApp2", "DemoApp2.csproj", "{94F9F6E9-5A22-4176-BA12-BC78EB73425B}"
EndProject
Global
	GlobalSection(SolutionConfigurationPlatforms) = preSolution
		Debug|Any CPU = Debug|Any CPU
		Release|Any CPU = Release|Any CPU
	EndGlobalSection
	GlobalSection(ProjectConfigurationPlatforms) = postSolution
		{94F9F6E9-5A22-4176-BA12-BC78EB73425B}.Debug|Any CPU.ActiveCfg = Debug|Any CPU
		{94F9F6E9-5A22-4176-BA12-BC78EB73425B}.Debug|Any CPU.Build.0 = Debug|Any CPU
		{94F9F6E9-5A22-4176-BA12-BC78EB73425B}.Release|Any CPU.ActiveCfg = Release|Any CPU
		{94F9F6E9-5A22-4176-BA12-BC78EB73425B}.Release|Any CPU.Build.0 = Release|Any CPU
	EndGlobalSection
	GlobalSection(SolutionProperties) = preSolution
		HideSolutionNode = FALSE
	EndGlobalSection
	GlobalSection(ExtensibilityGlobals) = postSolution
		SolutionGuid = {C5408908-9325-4F75-B451-52871F39B7FA}
	EndGlobalSection
EndGlobal
