
Microsoft Visual Studio Solution File, Format Version 12.00
# Visual Studio Version 17
VisualStudioVersion = 17.14.36623.8 d17.14
MinimumVisualStudioVersion = 10.0.40219.1
Project("{FAE04EC0-301F-11D3-BF4B-00C04F79EFBC}") = "CodingAssessment3", "CodingAssessment3.csproj", "{4B267DDD-0BB6-4F7A-8F39-C7A4D9C0839D}"
EndProject
Project("{FAE04EC0-301F-11D3-BF4B-00C04F79EFBC}") = "Emp.Models", "..\HR.Models\Emp.Models.csproj", "{4D703BE5-CD9E-4D07-BE45-C08DA930834B}"
EndProject
Project("{FAE04EC0-301F-11D3-BF4B-00C04F79EFBC}") = "Emp.DataReader", "..\HR.DataReader\Emp.DataReader.csproj", "{F079E62F-DFBF-4593-979C-971F3DF4F505}"
EndProject
Project("{FAE04EC0-301F-11D3-BF4B-00C04F79EFBC}") = "Emp.Payroll", "..\HR.Payroll\Emp.Payroll.csproj", "{E216B806-9019-4546-BCE6-A49A4BCFBFA4}"
EndProject
Project("{FAE04EC0-301F-11D3-BF4B-00C04F79EFBC}") = "Emp.ConsoleApp", "..\Emp.ConsoleApp\Emp.ConsoleApp.csproj", "{318F17CB-4CB5-46AF-A1C2-1C1482F011DD}"
EndProject
Global
	GlobalSection(SolutionConfigurationPlatforms) = preSolution
		Debug|Any CPU = Debug|Any CPU
		Release|Any CPU = Release|Any CPU
	EndGlobalSection
	GlobalSection(ProjectConfigurationPlatforms) = postSolution
		{4B267DDD-0BB6-4F7A-8F39-C7A4D9C0839D}.Debug|Any CPU.ActiveCfg = Debug|Any CPU
		{4B267DDD-0BB6-4F7A-8F39-C7A4D9C0839D}.Debug|Any CPU.Build.0 = Debug|Any CPU
		{4B267DDD-0BB6-4F7A-8F39-C7A4D9C0839D}.Release|Any CPU.ActiveCfg = Release|Any CPU
		{4B267DDD-0BB6-4F7A-8F39-C7A4D9C0839D}.Release|Any CPU.Build.0 = Release|Any CPU
		{4D703BE5-CD9E-4D07-BE45-C08DA930834B}.Debug|Any CPU.ActiveCfg = Debug|Any CPU
		{4D703BE5-CD9E-4D07-BE45-C08DA930834B}.Debug|Any CPU.Build.0 = Debug|Any CPU
		{4D703BE5-CD9E-4D07-BE45-C08DA930834B}.Release|Any CPU.ActiveCfg = Release|Any CPU
		{4D703BE5-CD9E-4D07-BE45-C08DA930834B}.Release|Any CPU.Build.0 = Release|Any CPU
		{F079E62F-DFBF-4593-979C-971F3DF4F505}.Debug|Any CPU.ActiveCfg = Debug|Any CPU
		{F079E62F-DFBF-4593-979C-971F3DF4F505}.Debug|Any CPU.Build.0 = Debug|Any CPU
		{F079E62F-DFBF-4593-979C-971F3DF4F505}.Release|Any CPU.ActiveCfg = Release|Any CPU
		{F079E62F-DFBF-4593-979C-971F3DF4F505}.Release|Any CPU.Build.0 = Release|Any CPU
		{E216B806-9019-4546-BCE6-A49A4BCFBFA4}.Debug|Any CPU.ActiveCfg = Debug|Any CPU
		{E216B806-9019-4546-BCE6-A49A4BCFBFA4}.Debug|Any CPU.Build.0 = Debug|Any CPU
		{E216B806-9019-4546-BCE6-A49A4BCFBFA4}.Release|Any CPU.ActiveCfg = Release|Any CPU
		{E216B806-9019-4546-BCE6-A49A4BCFBFA4}.Release|Any CPU.Build.0 = Release|Any CPU
		{318F17CB-4CB5-46AF-A1C2-1C1482F011DD}.Debug|Any CPU.ActiveCfg = Debug|Any CPU
		{318F17CB-4CB5-46AF-A1C2-1C1482F011DD}.Debug|Any CPU.Build.0 = Debug|Any CPU
		{318F17CB-4CB5-46AF-A1C2-1C1482F011DD}.Release|Any CPU.ActiveCfg = Release|Any CPU
		{318F17CB-4CB5-46AF-A1C2-1C1482F011DD}.Release|Any CPU.Build.0 = Release|Any CPU
	EndGlobalSection
	GlobalSection(SolutionProperties) = preSolution
		HideSolutionNode = FALSE
	EndGlobalSection
	GlobalSection(ExtensibilityGlobals) = postSolution
		SolutionGuid = {764D3134-3430-43EA-B001-400BFC9EA6FD}
	EndGlobalSection
EndGlobal
