
Microsoft Visual Studio Solution File, Format Version 12.00
# Visual Studio Version 17
VisualStudioVersion = 17.14.36623.8 d17.14
MinimumVisualStudioVersion = 10.0.40219.1
Project("{FAE04EC0-301F-11D3-BF4B-00C04F79EFBC}") = "Day11_Demo", "Day11_Demo.csproj", "{7D17912E-7211-4825-9C63-73F2825DC468}"
EndProject
Global
	GlobalSection(SolutionConfigurationPlatforms) = preSolution
		Debug|Any CPU = Debug|Any CPU
		Release|Any CPU = Release|Any CPU
	EndGlobalSection
	GlobalSection(ProjectConfigurationPlatforms) = postSolution
		{7D17912E-7211-4825-9C63-73F2825DC468}.Debug|Any CPU.ActiveCfg = Debug|Any CPU
		{7D17912E-7211-4825-9C63-73F2825DC468}.Debug|Any CPU.Build.0 = Debug|Any CPU
		{7D17912E-7211-4825-9C63-73F2825DC468}.Release|Any CPU.ActiveCfg = Release|Any CPU
		{7D17912E-7211-4825-9C63-73F2825DC468}.Release|Any CPU.Build.0 = Release|Any CPU
	EndGlobalSection
	GlobalSection(SolutionProperties) = preSolution
		HideSolutionNode = FALSE
	EndGlobalSection
	GlobalSection(ExtensibilityGlobals) = postSolution
		SolutionGuid = {D8617F5E-8D45-4BF5-96BA-8DD29C9AD544}
	EndGlobalSection
EndGlobal
