
Microsoft Visual Studio Solution File, Format Version 12.00
# Visual Studio Version 17
VisualStudioVersion = 17.14.36623.8 d17.14
MinimumVisualStudioVersion = 10.0.40219.1
Project("{FAE04EC0-301F-11D3-BF4B-00C04F79EFBC}") = "CodingAssignment3", "CodingAssignment3.csproj", "{704FC05A-CDD9-44EC-B1E0-25DDB12F9D47}"
EndProject
Global
	GlobalSection(SolutionConfigurationPlatforms) = preSolution
		Debug|Any CPU = Debug|Any CPU
		Release|Any CPU = Release|Any CPU
	EndGlobalSection
	GlobalSection(ProjectConfigurationPlatforms) = postSolution
		{704FC05A-CDD9-44EC-B1E0-25DDB12F9D47}.Debug|Any CPU.ActiveCfg = Debug|Any CPU
		{704FC05A-CDD9-44EC-B1E0-25DDB12F9D47}.Debug|Any CPU.Build.0 = Debug|Any CPU
		{704FC05A-CDD9-44EC-B1E0-25DDB12F9D47}.Release|Any CPU.ActiveCfg = Release|Any CPU
		{704FC05A-CDD9-44EC-B1E0-25DDB12F9D47}.Release|Any CPU.Build.0 = Release|Any CPU
	EndGlobalSection
	GlobalSection(SolutionProperties) = preSolution
		HideSolutionNode = FALSE
	EndGlobalSection
	GlobalSection(ExtensibilityGlobals) = postSolution
		SolutionGuid = {AF3EBE57-73C2-42A9-ADDA-DDF45AEAC4F6}
	EndGlobalSection
EndGlobal
